
Microsoft Visual Studio Solution File, Format Version 12.00
# Visual Studio 2013
VisualStudioVersion = 12.0.31101.0
MinimumVisualStudioVersion = 10.0.40219.1
Project("{FAE04EC0-301F-11D3-BF4B-00C04F79EFBC}") = "ScriptDevelopment", "ScriptDevelopment\ScriptDevelopment.csproj", "{2BA61DBC-A930-4FCF-8498-E33DBA555A3E}"
EndProject
Project("{FAE04EC0-301F-11D3-BF4B-00C04F79EFBC}") = "Mocks", "Mocks\Mocks.csproj", "{264A4AEC-5693-4BA7-8279-B3D31ED144EA}"
EndProject
Project("{FAE04EC0-301F-11D3-BF4B-00C04F79EFBC}") = "Domain", "Domain\Domain.csproj", "{9F20AA5E-134E-4867-9AC3-1F3F19F30ED2}"
EndProject
Project("{FAE04EC0-301F-11D3-BF4B-00C04F79EFBC}") = "Testing", "Testing\Testing.csproj", "{CEB98408-6B83-4C2A-A442-0A9020C5F272}"
EndProject
Project("{FAE04EC0-301F-11D3-BF4B-00C04F79EFBC}") = "Nuget.Packager", "Nuget.Packager\Nuget.Packager.csproj", "{0451BAEF-DF2E-4B98-8644-94EE9415E389}"
EndProject
Project("{FAE04EC0-301F-11D3-BF4B-00C04F79EFBC}") = "BSET-Testing", "BSET-Testing\BSET-Testing.csproj", "{9FEA7737-A3EA-4473-AE0F-F1FE963BCEDC}"
EndProject
Project("{2150E333-8FDC-42A3-9474-1A3956D46DE8}") = "Solution Items", "Solution Items", "{12C10007-34FD-4607-AB58-EBFA5D141B96}"
	ProjectSection(SolutionItems) = preProject
		.gitattributes = .gitattributes
		.gitignore = .gitignore
		build.properties = build.properties
		LICENSE = LICENSE
		README.md = README.md
	EndProjectSection
EndProject
Project("{FAE04EC0-301F-11D3-BF4B-00C04F79EFBC}") = "BlockScriptProjectTemplate", "BlockScriptProjectTemplate\BlockScriptProjectTemplate.csproj", "{B039D686-EBD8-4948-B131-8DDF01BAD0CD}"
EndProject
Project("{FAE04EC0-301F-11D3-BF4B-00C04F79EFBC}") = "VSIXBlockScriptProjectTemplates", "VSIXBlockScriptProjectTemplates\VSIXBlockScriptProjectTemplates.csproj", "{9C42EA94-F1D8-48F6-A8FF-9D1C7901D529}"
EndProject
Project("{FAE04EC0-301F-11D3-BF4B-00C04F79EFBC}") = "BlockScriptTestsProjectTemplate", "BlockScriptTestsProjectTemplate\BlockScriptTestsProjectTemplate.csproj", "{76B097E7-1B9E-4C28-A0C1-04E6CAD22608}"
EndProject
Project("{FAE04EC0-301F-11D3-BF4B-00C04F79EFBC}") = "BlockScriptItemTemplate", "BlockScriptItemTemplate\BlockScriptItemTemplate.csproj", "{9656B07F-1903-4B4E-9CA0-BAEE328772F2}"
EndProject
Project("{FAE04EC0-301F-11D3-BF4B-00C04F79EFBC}") = "BlockScriptTestItemTemplate", "BlockScriptTestItemTemplate\BlockScriptTestItemTemplate.csproj", "{E3FCEF6E-1051-47B4-B1DF-3485499B294E}"
EndProject
Global
	GlobalSection(SolutionConfigurationPlatforms) = preSolution
		Debug|Any CPU = Debug|Any CPU
		Release|Any CPU = Release|Any CPU
	EndGlobalSection
	GlobalSection(ProjectConfigurationPlatforms) = postSolution
		{2BA61DBC-A930-4FCF-8498-E33DBA555A3E}.Debug|Any CPU.ActiveCfg = Debug|Any CPU
		{2BA61DBC-A930-4FCF-8498-E33DBA555A3E}.Debug|Any CPU.Build.0 = Debug|Any CPU
		{2BA61DBC-A930-4FCF-8498-E33DBA555A3E}.Release|Any CPU.ActiveCfg = Release|Any CPU
		{2BA61DBC-A930-4FCF-8498-E33DBA555A3E}.Release|Any CPU.Build.0 = Release|Any CPU
		{264A4AEC-5693-4BA7-8279-B3D31ED144EA}.Debug|Any CPU.ActiveCfg = Debug|Any CPU
		{264A4AEC-5693-4BA7-8279-B3D31ED144EA}.Debug|Any CPU.Build.0 = Debug|Any CPU
		{264A4AEC-5693-4BA7-8279-B3D31ED144EA}.Release|Any CPU.ActiveCfg = Release|Any CPU
		{264A4AEC-5693-4BA7-8279-B3D31ED144EA}.Release|Any CPU.Build.0 = Release|Any CPU
		{9F20AA5E-134E-4867-9AC3-1F3F19F30ED2}.Debug|Any CPU.ActiveCfg = Debug|Any CPU
		{9F20AA5E-134E-4867-9AC3-1F3F19F30ED2}.Debug|Any CPU.Build.0 = Debug|Any CPU
		{9F20AA5E-134E-4867-9AC3-1F3F19F30ED2}.Release|Any CPU.ActiveCfg = Release|Any CPU
		{9F20AA5E-134E-4867-9AC3-1F3F19F30ED2}.Release|Any CPU.Build.0 = Release|Any CPU
		{CEB98408-6B83-4C2A-A442-0A9020C5F272}.Debug|Any CPU.ActiveCfg = Debug|Any CPU
		{CEB98408-6B83-4C2A-A442-0A9020C5F272}.Debug|Any CPU.Build.0 = Debug|Any CPU
		{CEB98408-6B83-4C2A-A442-0A9020C5F272}.Release|Any CPU.ActiveCfg = Release|Any CPU
		{CEB98408-6B83-4C2A-A442-0A9020C5F272}.Release|Any CPU.Build.0 = Release|Any CPU
		{0451BAEF-DF2E-4B98-8644-94EE9415E389}.Debug|Any CPU.ActiveCfg = Debug|Any CPU
		{0451BAEF-DF2E-4B98-8644-94EE9415E389}.Debug|Any CPU.Build.0 = Debug|Any CPU
		{0451BAEF-DF2E-4B98-8644-94EE9415E389}.Release|Any CPU.ActiveCfg = Release|Any CPU
		{0451BAEF-DF2E-4B98-8644-94EE9415E389}.Release|Any CPU.Build.0 = Release|Any CPU
		{9FEA7737-A3EA-4473-AE0F-F1FE963BCEDC}.Debug|Any CPU.ActiveCfg = Debug|Any CPU
		{9FEA7737-A3EA-4473-AE0F-F1FE963BCEDC}.Debug|Any CPU.Build.0 = Debug|Any CPU
		{9FEA7737-A3EA-4473-AE0F-F1FE963BCEDC}.Release|Any CPU.ActiveCfg = Release|Any CPU
		{9FEA7737-A3EA-4473-AE0F-F1FE963BCEDC}.Release|Any CPU.Build.0 = Release|Any CPU
		{B039D686-EBD8-4948-B131-8DDF01BAD0CD}.Debug|Any CPU.ActiveCfg = Debug|Any CPU
		{B039D686-EBD8-4948-B131-8DDF01BAD0CD}.Debug|Any CPU.Build.0 = Debug|Any CPU
		{B039D686-EBD8-4948-B131-8DDF01BAD0CD}.Release|Any CPU.ActiveCfg = Release|Any CPU
		{B039D686-EBD8-4948-B131-8DDF01BAD0CD}.Release|Any CPU.Build.0 = Release|Any CPU
		{9C42EA94-F1D8-48F6-A8FF-9D1C7901D529}.Debug|Any CPU.ActiveCfg = Debug|Any CPU
		{9C42EA94-F1D8-48F6-A8FF-9D1C7901D529}.Debug|Any CPU.Build.0 = Debug|Any CPU
		{9C42EA94-F1D8-48F6-A8FF-9D1C7901D529}.Release|Any CPU.ActiveCfg = Release|Any CPU
		{9C42EA94-F1D8-48F6-A8FF-9D1C7901D529}.Release|Any CPU.Build.0 = Release|Any CPU
		{76B097E7-1B9E-4C28-A0C1-04E6CAD22608}.Debug|Any CPU.ActiveCfg = Debug|Any CPU
		{76B097E7-1B9E-4C28-A0C1-04E6CAD22608}.Debug|Any CPU.Build.0 = Debug|Any CPU
		{76B097E7-1B9E-4C28-A0C1-04E6CAD22608}.Release|Any CPU.ActiveCfg = Release|Any CPU
		{76B097E7-1B9E-4C28-A0C1-04E6CAD22608}.Release|Any CPU.Build.0 = Release|Any CPU
		{9656B07F-1903-4B4E-9CA0-BAEE328772F2}.Debug|Any CPU.ActiveCfg = Debug|Any CPU
		{9656B07F-1903-4B4E-9CA0-BAEE328772F2}.Debug|Any CPU.Build.0 = Debug|Any CPU
		{9656B07F-1903-4B4E-9CA0-BAEE328772F2}.Release|Any CPU.ActiveCfg = Release|Any CPU
		{9656B07F-1903-4B4E-9CA0-BAEE328772F2}.Release|Any CPU.Build.0 = Release|Any CPU
		{E3FCEF6E-1051-47B4-B1DF-3485499B294E}.Debug|Any CPU.ActiveCfg = Debug|Any CPU
		{E3FCEF6E-1051-47B4-B1DF-3485499B294E}.Debug|Any CPU.Build.0 = Debug|Any CPU
		{E3FCEF6E-1051-47B4-B1DF-3485499B294E}.Release|Any CPU.ActiveCfg = Release|Any CPU
		{E3FCEF6E-1051-47B4-B1DF-3485499B294E}.Release|Any CPU.Build.0 = Release|Any CPU
	EndGlobalSection
	GlobalSection(SolutionProperties) = preSolution
		HideSolutionNode = FALSE
	EndGlobalSection
EndGlobal
